
Microsoft Visual Studio Solution File, Format Version 12.00
# Visual Studio Version 17
VisualStudioVersion = 17.11.35222.181
MinimumVisualStudioVersion = 10.0.40219.1
Project("{FAE04EC0-301F-11D3-BF4B-00C04F79EFBC}") = "RandomQuotes", "RandomQuotes\RandomQuotes.csproj", "{EC51EFFA-52A2-4212-B786-9D2802BFAFE7}"
EndProject
Global
	GlobalSection(SolutionConfigurationPlatforms) = preSolution
		Debug|Any CPU = Debug|Any CPU
		Release|Any CPU = Release|Any CPU
	EndGlobalSection
	GlobalSection(ProjectConfigurationPlatforms) = postSolution
		{EC51EFFA-52A2-4212-B786-9D2802BFAFE7}.Debug|Any CPU.ActiveCfg = Debug|Any CPU
		{EC51EFFA-52A2-4212-B786-9D2802BFAFE7}.Debug|Any CPU.Build.0 = Debug|Any CPU
		{EC51EFFA-52A2-4212-B786-9D2802BFAFE7}.Release|Any CPU.ActiveCfg = Release|Any CPU
		{EC51EFFA-52A2-4212-B786-9D2802BFAFE7}.Release|Any CPU.Build.0 = Release|Any CPU
	EndGlobalSection
	GlobalSection(SolutionProperties) = preSolution
		HideSolutionNode = FALSE
	EndGlobalSection
	GlobalSection(ExtensibilityGlobals) = postSolution
		SolutionGuid = {2096855E-3532-48C5-AFE8-653AF312B41D}
	EndGlobalSection
EndGlobal
